
Microsoft Visual Studio Solution File, Format Version 12.00
# Visual Studio Version 17
VisualStudioVersion = 17.5.33502.453
MinimumVisualStudioVersion = 10.0.40219.1
Project("{FAE04EC0-301F-11D3-BF4B-00C04F79EFBC}") = "AuditService", "AuditService\AuditService.csproj", "{AB0C5E15-CED7-41DB-84E3-D4823968A39D}"
EndProject
Project("{FAE04EC0-301F-11D3-BF4B-00C04F79EFBC}") = "AuditSDK", "AuditSDK\AuditSDK.csproj", "{0A3874F1-A5F7-4DF7-86A2-7AD2D816727A}"
EndProject
Global
	GlobalSection(SolutionConfigurationPlatforms) = preSolution
		Debug|Any CPU = Debug|Any CPU
		Debug|x64 = Debug|x64
		Release|Any CPU = Release|Any CPU
		Release|x64 = Release|x64
	EndGlobalSection
	GlobalSection(ProjectConfigurationPlatforms) = postSolution
		{AB0C5E15-CED7-41DB-84E3-D4823968A39D}.Debug|Any CPU.ActiveCfg = Debug|Any CPU
		{AB0C5E15-CED7-41DB-84E3-D4823968A39D}.Debug|Any CPU.Build.0 = Debug|Any CPU
		{AB0C5E15-CED7-41DB-84E3-D4823968A39D}.Debug|x64.ActiveCfg = Debug|Any CPU
		{AB0C5E15-CED7-41DB-84E3-D4823968A39D}.Debug|x64.Build.0 = Debug|Any CPU
		{AB0C5E15-CED7-41DB-84E3-D4823968A39D}.Release|Any CPU.ActiveCfg = Release|Any CPU
		{AB0C5E15-CED7-41DB-84E3-D4823968A39D}.Release|Any CPU.Build.0 = Release|Any CPU
		{AB0C5E15-CED7-41DB-84E3-D4823968A39D}.Release|x64.ActiveCfg = Release|Any CPU
		{AB0C5E15-CED7-41DB-84E3-D4823968A39D}.Release|x64.Build.0 = Release|Any CPU
		{0A3874F1-A5F7-4DF7-86A2-7AD2D816727A}.Debug|Any CPU.ActiveCfg = Debug|Any CPU
		{0A3874F1-A5F7-4DF7-86A2-7AD2D816727A}.Debug|Any CPU.Build.0 = Debug|Any CPU
		{0A3874F1-A5F7-4DF7-86A2-7AD2D816727A}.Debug|x64.ActiveCfg = Debug|x64
		{0A3874F1-A5F7-4DF7-86A2-7AD2D816727A}.Debug|x64.Build.0 = Debug|x64
		{0A3874F1-A5F7-4DF7-86A2-7AD2D816727A}.Release|Any CPU.ActiveCfg = Release|Any CPU
		{0A3874F1-A5F7-4DF7-86A2-7AD2D816727A}.Release|Any CPU.Build.0 = Release|Any CPU
		{0A3874F1-A5F7-4DF7-86A2-7AD2D816727A}.Release|x64.ActiveCfg = Release|x64
		{0A3874F1-A5F7-4DF7-86A2-7AD2D816727A}.Release|x64.Build.0 = Release|x64
	EndGlobalSection
	GlobalSection(SolutionProperties) = preSolution
		HideSolutionNode = FALSE
	EndGlobalSection
	GlobalSection(ExtensibilityGlobals) = postSolution
		SolutionGuid = {D3A3E7B4-528B-4005-88D9-3194736A167E}
	EndGlobalSection
EndGlobal
